
Microsoft Visual Studio Solution File, Format Version 12.00
# Visual Studio Version 17
VisualStudioVersion = 17.11.35222.181
MinimumVisualStudioVersion = 10.0.40219.1
Project("{FAE04EC0-301F-11D3-BF4B-00C04F79EFBC}") = "UserdataManagement", "UserdataManagement.csproj", "{7B963293-371A-4F4F-9C45-A7A7EE419468}"
EndProject
Global
	GlobalSection(SolutionConfigurationPlatforms) = preSolution
		Debug|Any CPU = Debug|Any CPU
		Release|Any CPU = Release|Any CPU
	EndGlobalSection
	GlobalSection(ProjectConfigurationPlatforms) = postSolution
		{7B963293-371A-4F4F-9C45-A7A7EE419468}.Debug|Any CPU.ActiveCfg = Debug|Any CPU
		{7B963293-371A-4F4F-9C45-A7A7EE419468}.Debug|Any CPU.Build.0 = Debug|Any CPU
		{7B963293-371A-4F4F-9C45-A7A7EE419468}.Release|Any CPU.ActiveCfg = Release|Any CPU
		{7B963293-371A-4F4F-9C45-A7A7EE419468}.Release|Any CPU.Build.0 = Release|Any CPU
	EndGlobalSection
	GlobalSection(SolutionProperties) = preSolution
		HideSolutionNode = FALSE
	EndGlobalSection
	GlobalSection(ExtensibilityGlobals) = postSolution
		SolutionGuid = {4FE01F7A-AEE3-41D2-8526-77E9BBAD64F0}
	EndGlobalSection
EndGlobal
